
Microsoft Visual Studio Solution File, Format Version 12.00
# Visual Studio 15
VisualStudioVersion = 15.0.26430.14
MinimumVisualStudioVersion = 10.0.40219.1
Project("{FAE04EC0-301F-11D3-BF4B-00C04F79EFBC}") = "WPFPSHost", "WPFPSHost\WPFPSHost.csproj", "{07C93056-195A-4578-B50F-DF74F43421B2}"
EndProject
Project("{FAE04EC0-301F-11D3-BF4B-00C04F79EFBC}") = "Demo", "Demo\Demo.csproj", "{BB2BC69F-E02F-4C92-AB9F-4F68BC224129}"
EndProject
Global
	GlobalSection(SolutionConfigurationPlatforms) = preSolution
		Debug|Any CPU = Debug|Any CPU
		Release|Any CPU = Release|Any CPU
	EndGlobalSection
	GlobalSection(ProjectConfigurationPlatforms) = postSolution
		{07C93056-195A-4578-B50F-DF74F43421B2}.Debug|Any CPU.ActiveCfg = Debug|Any CPU
		{07C93056-195A-4578-B50F-DF74F43421B2}.Debug|Any CPU.Build.0 = Debug|Any CPU
		{07C93056-195A-4578-B50F-DF74F43421B2}.Release|Any CPU.ActiveCfg = Release|Any CPU
		{07C93056-195A-4578-B50F-DF74F43421B2}.Release|Any CPU.Build.0 = Release|Any CPU
		{BB2BC69F-E02F-4C92-AB9F-4F68BC224129}.Debug|Any CPU.ActiveCfg = Debug|Any CPU
		{BB2BC69F-E02F-4C92-AB9F-4F68BC224129}.Debug|Any CPU.Build.0 = Debug|Any CPU
		{BB2BC69F-E02F-4C92-AB9F-4F68BC224129}.Release|Any CPU.ActiveCfg = Release|Any CPU
		{BB2BC69F-E02F-4C92-AB9F-4F68BC224129}.Release|Any CPU.Build.0 = Release|Any CPU
	EndGlobalSection
	GlobalSection(SolutionProperties) = preSolution
		HideSolutionNode = FALSE
	EndGlobalSection
EndGlobal
